schema: '2.0'
stages:
  data_ingestion:
    cmd: python src/objectClassifier/pipeline/stage_01_data_ingestion.py
    deps:
    - path: config/config.yaml
      hash: md5
      md5: 61b311eb092c78e4d862560cffa8a6fc
      size: 527
    - path: src/objectClassifier/pipeline/stage_01_data_ingestion.py
      hash: md5
      md5: d5c5349ee1b63d387963caa3009f4166
      size: 827
    outs:
    - path: artifacts/data_ingestion/test
      hash: md5
      md5: 63174a2f03b48e36e406caf6ca6b4118.dir
      size: 1279999
      nfiles: 231
    - path: artifacts/data_ingestion/train
      hash: md5
      md5: 0623f512802c261caabf59c2e24c717e.dir
      size: 11287005
      nfiles: 2076
    - path: artifacts/data_ingestion/valid
      hash: md5
      md5: a3e6ebba268550faa47f56946d5c7eb7.dir
      size: 2879683
      nfiles: 531
